// !$*UTF8*$!
{
	archiveVersion = 1;
	classes = {
	};
	objectVersion = 56;
	objects = {

/* Begin PBXBuildFile section */
		BA00E7D729C22DFB00C78067 /* CartItemView.swift in Sources */ = {isa = PBXBuildFile; fileRef = BA00E7D629C22DFB00C78067 /* CartItemView.swift */; };
		BA00E7D929C2393100C78067 /* ImageFromURLString.swift in Sources */ = {isa = PBXBuildFile; fileRef = BA00E7D829C2393100C78067 /* ImageFromURLString.swift */; };
		BA00E7DB29D3D67F00C78067 /* MarketingMaterialsModel.swift in Sources */ = {isa = PBXBuildFile; fileRef = BA00E7DA29D3D67E00C78067 /* MarketingMaterialsModel.swift */; };
		BA00E7DD29D4AFEC00C78067 /* ProductsView.swift in Sources */ = {isa = PBXBuildFile; fileRef = BA00E7DC29D4AFEC00C78067 /* ProductsView.swift */; };
		BA00E7DF29D4C9C700C78067 /* ProductSizeModel.swift in Sources */ = {isa = PBXBuildFile; fileRef = BA00E7DE29D4C9C600C78067 /* ProductSizeModel.swift */; };
		BA00E7E129D4CEB800C78067 /* ProductListModel.swift in Sources */ = {isa = PBXBuildFile; fileRef = BA00E7E029D4CEB800C78067 /* ProductListModel.swift */; };
		BA00E7E329D63F1A00C78067 /* SectionHeaderView.swift in Sources */ = {isa = PBXBuildFile; fileRef = BA00E7E229D63F1A00C78067 /* SectionHeaderView.swift */; };
		BA00E7E629D7332100C78067 /* ProductItemView.swift in Sources */ = {isa = PBXBuildFile; fileRef = BA00E7E529D7332100C78067 /* ProductItemView.swift */; };
		BA5146C22910AC0900162FC2 /* OneClickPixApp.swift in Sources */ = {isa = PBXBuildFile; fileRef = BA5146C12910AC0900162FC2 /* OneClickPixApp.swift */; };
		BA5146C42910AC0900162FC2 /* CreateOrderView.swift in Sources */ = {isa = PBXBuildFile; fileRef = BA5146C32910AC0900162FC2 /* CreateOrderView.swift */; };
		BA5146C62910AC0D00162FC2 /* Assets.xcassets in Resources */ = {isa = PBXBuildFile; fileRef = BA5146C52910AC0D00162FC2 /* Assets.xcassets */; };
		BA5146C92910AC0D00162FC2 /* Preview Assets.xcassets in Resources */ = {isa = PBXBuildFile; fileRef = BA5146C82910AC0D00162FC2 /* Preview Assets.xcassets */; };
		BA5146D52911BDC800162FC2 /* OrderItemModel.swift in Sources */ = {isa = PBXBuildFile; fileRef = BA5146D42911BDC800162FC2 /* OrderItemModel.swift */; };
		BA5146D92911CC7800162FC2 /* AnimatedTextFieldView.swift in Sources */ = {isa = PBXBuildFile; fileRef = BA5146D82911CC7800162FC2 /* AnimatedTextFieldView.swift */; };
		BA7D45A62992E2D70094ADE0 /* ImagePicker.swift in Sources */ = {isa = PBXBuildFile; fileRef = BA7D45A52992E2D70094ADE0 /* ImagePicker.swift */; };
		BA8AC91529A5C60C000FEFCE /* FooterView.swift in Sources */ = {isa = PBXBuildFile; fileRef = BA8AC91429A5C60C000FEFCE /* FooterView.swift */; };
		BA8AC91829A5C69C000FEFCE /* Constants.swift in Sources */ = {isa = PBXBuildFile; fileRef = BA8AC91729A5C69C000FEFCE /* Constants.swift */; };
		BA8AC91A29A5D6C3000FEFCE /* ContactDetailView.swift in Sources */ = {isa = PBXBuildFile; fileRef = BA8AC91929A5D6C3000FEFCE /* ContactDetailView.swift */; };
		BA8AC91C29A6A39F000FEFCE /* HomePage.swift in Sources */ = {isa = PBXBuildFile; fileRef = BA8AC91B29A6A39F000FEFCE /* HomePage.swift */; };
		BA8AC91E29A6A406000FEFCE /* NavigationBarView.swift in Sources */ = {isa = PBXBuildFile; fileRef = BA8AC91D29A6A406000FEFCE /* NavigationBarView.swift */; };
		BA8AC92029A6A437000FEFCE /* LogoView.swift in Sources */ = {isa = PBXBuildFile; fileRef = BA8AC91F29A6A437000FEFCE /* LogoView.swift */; };
		BA8AC92229A81E17000FEFCE /* CoverImagesTabView.swift in Sources */ = {isa = PBXBuildFile; fileRef = BA8AC92129A81E17000FEFCE /* CoverImagesTabView.swift */; };
		BA8AC92429A81EC7000FEFCE /* CoverImageView.swift in Sources */ = {isa = PBXBuildFile; fileRef = BA8AC92329A81EC7000FEFCE /* CoverImageView.swift */; };
		BA8AC92629A826B9000FEFCE /* ProductGroupItemView.swift in Sources */ = {isa = PBXBuildFile; fileRef = BA8AC92529A826B9000FEFCE /* ProductGroupItemView.swift */; };
		BA8AC92829A82718000FEFCE /* ProductGroupModel.swift in Sources */ = {isa = PBXBuildFile; fileRef = BA8AC92729A82718000FEFCE /* ProductGroupModel.swift */; };
		BA8AC92A29A96AAA000FEFCE /* ProductGroupGridView.swift in Sources */ = {isa = PBXBuildFile; fileRef = BA8AC92929A96AAA000FEFCE /* ProductGroupGridView.swift */; };
		BA8AC92C29A973E2000FEFCE /* GridHeaderFooterView.swift in Sources */ = {isa = PBXBuildFile; fileRef = BA8AC92B29A973E2000FEFCE /* GridHeaderFooterView.swift */; };
		BA8AC92F29A979B8000FEFCE /* CachedAsyncImage in Frameworks */ = {isa = PBXBuildFile; productRef = BA8AC92E29A979B8000FEFCE /* CachedAsyncImage */; };
		BA8AC93129BFD6E9000FEFCE /* CartModel.swift in Sources */ = {isa = PBXBuildFile; fileRef = BA8AC93029BFD6E9000FEFCE /* CartModel.swift */; };
		BA8AC93329C03982000FEFCE /* CartView.swift in Sources */ = {isa = PBXBuildFile; fileRef = BA8AC93229C03982000FEFCE /* CartView.swift */; };
		BA8AC93529C0509D000FEFCE /* NavigationExtension.swift in Sources */ = {isa = PBXBuildFile; fileRef = BA8AC93429C0509D000FEFCE /* NavigationExtension.swift */; };
		BA8AC93929C058A6000FEFCE /* CartNavigationBarView.swift in Sources */ = {isa = PBXBuildFile; fileRef = BA8AC93829C058A6000FEFCE /* CartNavigationBarView.swift */; };
		BAC775262991B4980065F4BB /* ProductModel.swift in Sources */ = {isa = PBXBuildFile; fileRef = BAC775252991B4980065F4BB /* ProductModel.swift */; };
		BAC775282991B88D0065F4BB /* CreateProductView.swift in Sources */ = {isa = PBXBuildFile; fileRef = BAC775272991B88D0065F4BB /* CreateProductView.swift */; };
		BAC7752C2991BEBF0065F4BB /* ContentView.swift in Sources */ = {isa = PBXBuildFile; fileRef = BAC7752B2991BEBF0065F4BB /* ContentView.swift */; };
		BAC7752F2992C8010065F4BB /* APIFunctions.swift in Sources */ = {isa = PBXBuildFile; fileRef = BAC7752E2992C8010065F4BB /* APIFunctions.swift */; };
		BAC775322992C8350065F4BB /* Alamofire in Frameworks */ = {isa = PBXBuildFile; productRef = BAC775312992C8350065F4BB /* Alamofire */; };
/* End PBXBuildFile section */

/* Begin PBXFileReference section */
		BA00E7D629C22DFB00C78067 /* CartItemView.swift */ = {isa = PBXFileReference; lastKnownFileType = sourcecode.swift; path = CartItemView.swift; sourceTree = "<group>"; };
		BA00E7D829C2393100C78067 /* ImageFromURLString.swift */ = {isa = PBXFileReference; lastKnownFileType = sourcecode.swift; path = ImageFromURLString.swift; sourceTree = "<group>"; };
		BA00E7DA29D3D67E00C78067 /* MarketingMaterialsModel.swift */ = {isa = PBXFileReference; lastKnownFileType = sourcecode.swift; path = MarketingMaterialsModel.swift; sourceTree = "<group>"; };
		BA00E7DC29D4AFEC00C78067 /* ProductsView.swift */ = {isa = PBXFileReference; lastKnownFileType = sourcecode.swift; path = ProductsView.swift; sourceTree = "<group>"; };
		BA00E7DE29D4C9C600C78067 /* ProductSizeModel.swift */ = {isa = PBXFileReference; lastKnownFileType = sourcecode.swift; path = ProductSizeModel.swift; sourceTree = "<group>"; };
		BA00E7E029D4CEB800C78067 /* ProductListModel.swift */ = {isa = PBXFileReference; lastKnownFileType = sourcecode.swift; path = ProductListModel.swift; sourceTree = "<group>"; };
		BA00E7E229D63F1A00C78067 /* SectionHeaderView.swift */ = {isa = PBXFileReference; lastKnownFileType = sourcecode.swift; path = SectionHeaderView.swift; sourceTree = "<group>"; };
		BA00E7E529D7332100C78067 /* ProductItemView.swift */ = {isa = PBXFileReference; lastKnownFileType = sourcecode.swift; path = ProductItemView.swift; sourceTree = "<group>"; };
		BA5146BE2910AC0900162FC2 /* OneClickPix.app */ = {isa = PBXFileReference; explicitFileType = wrapper.application; includeInIndex = 0; path = OneClickPix.app; sourceTree = BUILT_PRODUCTS_DIR; };
		BA5146C12910AC0900162FC2 /* OneClickPixApp.swift */ = {isa = PBXFileReference; lastKnownFileType = sourcecode.swift; path = OneClickPixApp.swift; sourceTree = "<group>"; };
		BA5146C32910AC0900162FC2 /* CreateOrderView.swift */ = {isa = PBXFileReference; lastKnownFileType = sourcecode.swift; path = CreateOrderView.swift; sourceTree = "<group>"; };
		BA5146C52910AC0D00162FC2 /* Assets.xcassets */ = {isa = PBXFileReference; lastKnownFileType = folder.assetcatalog; path = Assets.xcassets; sourceTree = "<group>"; };
		BA5146C82910AC0D00162FC2 /* Preview Assets.xcassets */ = {isa = PBXFileReference; lastKnownFileType = folder.assetcatalog; path = "Preview Assets.xcassets"; sourceTree = "<group>"; };
		BA5146D42911BDC800162FC2 /* OrderItemModel.swift */ = {isa = PBXFileReference; lastKnownFileType = sourcecode.swift; path = OrderItemModel.swift; sourceTree = "<group>"; };
		BA5146D82911CC7800162FC2 /* AnimatedTextFieldView.swift */ = {isa = PBXFileReference; lastKnownFileType = sourcecode.swift; path = AnimatedTextFieldView.swift; sourceTree = "<group>"; };
		BA7D45A52992E2D70094ADE0 /* ImagePicker.swift */ = {isa = PBXFileReference; lastKnownFileType = sourcecode.swift; path = ImagePicker.swift; sourceTree = "<group>"; };
		BA8AC91429A5C60C000FEFCE /* FooterView.swift */ = {isa = PBXFileReference; lastKnownFileType = sourcecode.swift; path = FooterView.swift; sourceTree = "<group>"; };
		BA8AC91729A5C69C000FEFCE /* Constants.swift */ = {isa = PBXFileReference; lastKnownFileType = sourcecode.swift; path = Constants.swift; sourceTree = "<group>"; };
		BA8AC91929A5D6C3000FEFCE /* ContactDetailView.swift */ = {isa = PBXFileReference; lastKnownFileType = sourcecode.swift; path = ContactDetailView.swift; sourceTree = "<group>"; };
		BA8AC91B29A6A39F000FEFCE /* HomePage.swift */ = {isa = PBXFileReference; lastKnownFileType = sourcecode.swift; path = HomePage.swift; sourceTree = "<group>"; };
		BA8AC91D29A6A406000FEFCE /* NavigationBarView.swift */ = {isa = PBXFileReference; lastKnownFileType = sourcecode.swift; path = NavigationBarView.swift; sourceTree = "<group>"; };
		BA8AC91F29A6A437000FEFCE /* LogoView.swift */ = {isa = PBXFileReference; lastKnownFileType = sourcecode.swift; path = LogoView.swift; sourceTree = "<group>"; };
		BA8AC92129A81E17000FEFCE /* CoverImagesTabView.swift */ = {isa = PBXFileReference; lastKnownFileType = sourcecode.swift; path = CoverImagesTabView.swift; sourceTree = "<group>"; };
		BA8AC92329A81EC7000FEFCE /* CoverImageView.swift */ = {isa = PBXFileReference; lastKnownFileType = sourcecode.swift; path = CoverImageView.swift; sourceTree = "<group>"; };
		BA8AC92529A826B9000FEFCE /* ProductGroupItemView.swift */ = {isa = PBXFileReference; lastKnownFileType = sourcecode.swift; path = ProductGroupItemView.swift; sourceTree = "<group>"; };
		BA8AC92729A82718000FEFCE /* ProductGroupModel.swift */ = {isa = PBXFileReference; lastKnownFileType = sourcecode.swift; path = ProductGroupModel.swift; sourceTree = "<group>"; };
		BA8AC92929A96AAA000FEFCE /* ProductGroupGridView.swift */ = {isa = PBXFileReference; lastKnownFileType = sourcecode.swift; path = ProductGroupGridView.swift; sourceTree = "<group>"; };
		BA8AC92B29A973E2000FEFCE /* GridHeaderFooterView.swift */ = {isa = PBXFileReference; lastKnownFileType = sourcecode.swift; path = GridHeaderFooterView.swift; sourceTree = "<group>"; };
		BA8AC93029BFD6E9000FEFCE /* CartModel.swift */ = {isa = PBXFileReference; lastKnownFileType = sourcecode.swift; path = CartModel.swift; sourceTree = "<group>"; };
		BA8AC93229C03982000FEFCE /* CartView.swift */ = {isa = PBXFileReference; lastKnownFileType = sourcecode.swift; path = CartView.swift; sourceTree = "<group>"; };
		BA8AC93429C0509D000FEFCE /* NavigationExtension.swift */ = {isa = PBXFileReference; lastKnownFileType = sourcecode.swift; path = NavigationExtension.swift; sourceTree = "<group>"; };
		BA8AC93829C058A6000FEFCE /* CartNavigationBarView.swift */ = {isa = PBXFileReference; lastKnownFileType = sourcecode.swift; path = CartNavigationBarView.swift; sourceTree = "<group>"; };
		BAC775252991B4980065F4BB /* ProductModel.swift */ = {isa = PBXFileReference; lastKnownFileType = sourcecode.swift; path = ProductModel.swift; sourceTree = "<group>"; };
		BAC775272991B88D0065F4BB /* CreateProductView.swift */ = {isa = PBXFileReference; lastKnownFileType = sourcecode.swift; path = CreateProductView.swift; sourceTree = "<group>"; };
		BAC7752B2991BEBF0065F4BB /* ContentView.swift */ = {isa = PBXFileReference; lastKnownFileType = sourcecode.swift; path = ContentView.swift; sourceTree = "<group>"; };
		BAC7752E2992C8010065F4BB /* APIFunctions.swift */ = {isa = PBXFileReference; lastKnownFileType = sourcecode.swift; path = APIFunctions.swift; sourceTree = "<group>"; };
/* End PBXFileReference section */

/* Begin PBXFrameworksBuildPhase section */
		BA5146BB2910AC0900162FC2 /* Frameworks */ = {
			isa = PBXFrameworksBuildPhase;
			buildActionMask = 2147483647;
			files = (
				BAC775322992C8350065F4BB /* Alamofire in Frameworks */,
				BA8AC92F29A979B8000FEFCE /* CachedAsyncImage in Frameworks */,
			);
			runOnlyForDeploymentPostprocessing = 0;
		};
/* End PBXFrameworksBuildPhase section */

/* Begin PBXGroup section */
		BA00E7D529C22DC100C78067 /* Cart */ = {
			isa = PBXGroup;
			children = (
				BA8AC93829C058A6000FEFCE /* CartNavigationBarView.swift */,
				BA00E7D629C22DFB00C78067 /* CartItemView.swift */,
			);
			path = Cart;
			sourceTree = "<group>";
		};
		BA00E7E429D732DB00C78067 /* Products */ = {
			isa = PBXGroup;
			children = (
				BA00E7E529D7332100C78067 /* ProductItemView.swift */,
			);
			path = Products;
			sourceTree = "<group>";
		};
		BA5146B52910AC0900162FC2 = {
			isa = PBXGroup;
			children = (
				BA5146C02910AC0900162FC2 /* OneClickPix */,
				BA5146BF2910AC0900162FC2 /* Products */,
			);
			sourceTree = "<group>";
		};
		BA5146BF2910AC0900162FC2 /* Products */ = {
			isa = PBXGroup;
			children = (
				BA5146BE2910AC0900162FC2 /* OneClickPix.app */,
			);
			name = Products;
			sourceTree = "<group>";
		};
		BA5146C02910AC0900162FC2 /* OneClickPix */ = {
			isa = PBXGroup;
			children = (
				BA5146D32911BAF000162FC2 /* App */,
				BA5146CF2911B9C700162FC2 /* Views */,
				BA5146D22911B9FD00162FC2 /* Models */,
				BAC7752D2992C7DE0065F4BB /* Functions */,
				BA8AC91629A5C648000FEFCE /* Utility */,
				BA5146C52910AC0D00162FC2 /* Assets.xcassets */,
				BA5146C72910AC0D00162FC2 /* Preview Content */,
			);
			path = OneClickPix;
			sourceTree = "<group>";
		};
		BA5146C72910AC0D00162FC2 /* Preview Content */ = {
			isa = PBXGroup;
			children = (
				BA5146C82910AC0D00162FC2 /* Preview Assets.xcassets */,
			);
			path = "Preview Content";
			sourceTree = "<group>";
		};
		BA5146CF2911B9C700162FC2 /* Views */ = {
			isa = PBXGroup;
			children = (
				BA00E7E429D732DB00C78067 /* Products */,
				BA00E7D529C22DC100C78067 /* Cart */,
				BA5146D12911B9E100162FC2 /* Home */,
				BA5146D02911B9D900162FC2 /* Shared */,
			);
			path = Views;
			sourceTree = "<group>";
		};
		BA5146D02911B9D900162FC2 /* Shared */ = {
			isa = PBXGroup;
			children = (
				BA8AC91D29A6A406000FEFCE /* NavigationBarView.swift */,
				BA8AC91F29A6A437000FEFCE /* LogoView.swift */,
				BA8AC91429A5C60C000FEFCE /* FooterView.swift */,
				BA5146D82911CC7800162FC2 /* AnimatedTextFieldView.swift */,
				BA8AC91929A5D6C3000FEFCE /* ContactDetailView.swift */,
			);
			path = Shared;
			sourceTree = "<group>";
		};
		BA5146D12911B9E100162FC2 /* Home */ = {
			isa = PBXGroup;
			children = (
				BA8AC92129A81E17000FEFCE /* CoverImagesTabView.swift */,
				BA8AC92329A81EC7000FEFCE /* CoverImageView.swift */,
				BA8AC92529A826B9000FEFCE /* ProductGroupItemView.swift */,
				BA8AC92929A96AAA000FEFCE /* ProductGroupGridView.swift */,
				BA8AC92B29A973E2000FEFCE /* GridHeaderFooterView.swift */,
				BA00E7E229D63F1A00C78067 /* SectionHeaderView.swift */,
			);
			path = Home;
			sourceTree = "<group>";
		};
		BA5146D22911B9FD00162FC2 /* Models */ = {
			isa = PBXGroup;
			children = (
				BA5146D42911BDC800162FC2 /* OrderItemModel.swift */,
				BAC775252991B4980065F4BB /* ProductModel.swift */,
				BA8AC92729A82718000FEFCE /* ProductGroupModel.swift */,
				BA00E7DE29D4C9C600C78067 /* ProductSizeModel.swift */,
				BA00E7E029D4CEB800C78067 /* ProductListModel.swift */,
				BA8AC93029BFD6E9000FEFCE /* CartModel.swift */,
				BA00E7DA29D3D67E00C78067 /* MarketingMaterialsModel.swift */,
			);
			path = Models;
			sourceTree = "<group>";
		};
		BA5146D32911BAF000162FC2 /* App */ = {
			isa = PBXGroup;
			children = (
				BA5146C12910AC0900162FC2 /* OneClickPixApp.swift */,
				BAC7752B2991BEBF0065F4BB /* ContentView.swift */,
				BA5146C32910AC0900162FC2 /* CreateOrderView.swift */,
				BAC775272991B88D0065F4BB /* CreateProductView.swift */,
				BA8AC91B29A6A39F000FEFCE /* HomePage.swift */,
				BA8AC93229C03982000FEFCE /* CartView.swift */,
				BA00E7DC29D4AFEC00C78067 /* ProductsView.swift */,
			);
			path = App;
			sourceTree = "<group>";
		};
		BA8AC91629A5C648000FEFCE /* Utility */ = {
			isa = PBXGroup;
			children = (
				BA8AC91729A5C69C000FEFCE /* Constants.swift */,
				BA8AC93429C0509D000FEFCE /* NavigationExtension.swift */,
			);
			path = Utility;
			sourceTree = "<group>";
		};
		BAC7752D2992C7DE0065F4BB /* Functions */ = {
			isa = PBXGroup;
			children = (
				BAC7752E2992C8010065F4BB /* APIFunctions.swift */,
				BA7D45A52992E2D70094ADE0 /* ImagePicker.swift */,
				BA00E7D829C2393100C78067 /* ImageFromURLString.swift */,
			);
			path = Functions;
			sourceTree = "<group>";
		};
/* End PBXGroup section */

/* Begin PBXNativeTarget section */
		BA5146BD2910AC0900162FC2 /* OneClickPix */ = {
			isa = PBXNativeTarget;
			buildConfigurationList = BA5146CC2910AC0D00162FC2 /* Build configuration list for PBXNativeTarget "OneClickPix" */;
			buildPhases = (
				BA5146BA2910AC0900162FC2 /* Sources */,
				BA5146BB2910AC0900162FC2 /* Frameworks */,
				BA5146BC2910AC0900162FC2 /* Resources */,
			);
			buildRules = (
			);
			dependencies = (
			);
			name = OneClickPix;
			packageProductDependencies = (
				BAC775312992C8350065F4BB /* Alamofire */,
				BA8AC92E29A979B8000FEFCE /* CachedAsyncImage */,
			);
			productName = OneClickPix;
			productReference = BA5146BE2910AC0900162FC2 /* OneClickPix.app */;
			productType = "com.apple.product-type.application";
		};
/* End PBXNativeTarget section */

/* Begin PBXProject section */
		BA5146B62910AC0900162FC2 /* Project object */ = {
			isa = PBXProject;
			attributes = {
				BuildIndependentTargetsInParallel = 1;
				LastSwiftUpdateCheck = 1400;
				LastUpgradeCheck = 1400;
				TargetAttributes = {
					BA5146BD2910AC0900162FC2 = {
						CreatedOnToolsVersion = 14.0.1;
					};
				};
			};
			buildConfigurationList = BA5146B92910AC0900162FC2 /* Build configuration list for PBXProject "OneClickPix" */;
			compatibilityVersion = "Xcode 14.0";
			developmentRegion = en;
			hasScannedForEncodings = 0;
			knownRegions = (
				en,
				Base,
			);
			mainGroup = BA5146B52910AC0900162FC2;
			packageReferences = (
				BAC775302992C8350065F4BB /* XCRemoteSwiftPackageReference "Alamofire" */,
				BA8AC92D29A979B8000FEFCE /* XCRemoteSwiftPackageReference "swiftui-cached-async-image" */,
			);
			productRefGroup = BA5146BF2910AC0900162FC2 /* Products */;
			projectDirPath = "";
			projectRoot = "";
			targets = (
				BA5146BD2910AC0900162FC2 /* OneClickPix */,
			);
		};
/* End PBXProject section */

/* Begin PBXResourcesBuildPhase section */
		BA5146BC2910AC0900162FC2 /* Resources */ = {
			isa = PBXResourcesBuildPhase;
			buildActionMask = 2147483647;
			files = (
				BA5146C92910AC0D00162FC2 /* Preview Assets.xcassets in Resources */,
				BA5146C62910AC0D00162FC2 /* Assets.xcassets in Resources */,
			);
			runOnlyForDeploymentPostprocessing = 0;
		};
/* End PBXResourcesBuildPhase section */

/* Begin PBXSourcesBuildPhase section */
		BA5146BA2910AC0900162FC2 /* Sources */ = {
			isa = PBXSourcesBuildPhase;
			buildActionMask = 2147483647;
			files = (
				BA00E7E629D7332100C78067 /* ProductItemView.swift in Sources */,
				BA8AC92A29A96AAA000FEFCE /* ProductGroupGridView.swift in Sources */,
				BA8AC92C29A973E2000FEFCE /* GridHeaderFooterView.swift in Sources */,
				BA8AC92229A81E17000FEFCE /* CoverImagesTabView.swift in Sources */,
				BA00E7DB29D3D67F00C78067 /* MarketingMaterialsModel.swift in Sources */,
				BA00E7D929C2393100C78067 /* ImageFromURLString.swift in Sources */,
				BA8AC91A29A5D6C3000FEFCE /* ContactDetailView.swift in Sources */,
				BAC7752F2992C8010065F4BB /* APIFunctions.swift in Sources */,
				BA00E7D729C22DFB00C78067 /* CartItemView.swift in Sources */,
				BA8AC93329C03982000FEFCE /* CartView.swift in Sources */,
				BA8AC91829A5C69C000FEFCE /* Constants.swift in Sources */,
				BA5146C42910AC0900162FC2 /* CreateOrderView.swift in Sources */,
				BA00E7E329D63F1A00C78067 /* SectionHeaderView.swift in Sources */,
				BA5146D92911CC7800162FC2 /* AnimatedTextFieldView.swift in Sources */,
				BA8AC93929C058A6000FEFCE /* CartNavigationBarView.swift in Sources */,
				BA8AC91529A5C60C000FEFCE /* FooterView.swift in Sources */,
				BA8AC91C29A6A39F000FEFCE /* HomePage.swift in Sources */,
				BA00E7DD29D4AFEC00C78067 /* ProductsView.swift in Sources */,
				BA8AC92829A82718000FEFCE /* ProductGroupModel.swift in Sources */,
				BA7D45A62992E2D70094ADE0 /* ImagePicker.swift in Sources */,
				BA8AC92429A81EC7000FEFCE /* CoverImageView.swift in Sources */,
				BAC7752C2991BEBF0065F4BB /* ContentView.swift in Sources */,
				BA00E7DF29D4C9C700C78067 /* ProductSizeModel.swift in Sources */,
				BA5146D52911BDC800162FC2 /* OrderItemModel.swift in Sources */,
				BA8AC93129BFD6E9000FEFCE /* CartModel.swift in Sources */,
				BA8AC93529C0509D000FEFCE /* NavigationExtension.swift in Sources */,
				BA8AC92029A6A437000FEFCE /* LogoView.swift in Sources */,
				BA5146C22910AC0900162FC2 /* OneClickPixApp.swift in Sources */,
				BAC775282991B88D0065F4BB /* CreateProductView.swift in Sources */,
				BA8AC92629A826B9000FEFCE /* ProductGroupItemView.swift in Sources */,
				BA8AC91E29A6A406000FEFCE /* NavigationBarView.swift in Sources */,
				BAC775262991B4980065F4BB /* ProductModel.swift in Sources */,
				BA00E7E129D4CEB800C78067 /* ProductListModel.swift in Sources */,
			);
			runOnlyForDeploymentPostprocessing = 0;
		};
/* End PBXSourcesBuildPhase section */

/* Begin XCBuildConfiguration section */
		BA5146CA2910AC0D00162FC2 /* Debug */ = {
			isa = XCBuildConfiguration;
			buildSettings = {
				ALWAYS_SEARCH_USER_PATHS = NO;
				CLANG_ANALYZER_NONNULL = YES;
				CLANG_ANALYZER_NUMBER_OBJECT_CONVERSION = YES_AGGRESSIVE;
				CLANG_CXX_LANGUAGE_STANDARD = "gnu++20";
				CLANG_ENABLE_MODULES = YES;
				CLANG_ENABLE_OBJC_ARC = YES;
				CLANG_ENABLE_OBJC_WEAK = YES;
				CLANG_WARN_BLOCK_CAPTURE_AUTORELEASING = YES;
				CLANG_WARN_BOOL_CONVERSION = YES;
				CLANG_WARN_COMMA = YES;
				CLANG_WARN_CONSTANT_CONVERSION = YES;
				CLANG_WARN_DEPRECATED_OBJC_IMPLEMENTATIONS = YES;
				CLANG_WARN_DIRECT_OBJC_ISA_USAGE = YES_ERROR;
				CLANG_WARN_DOCUMENTATION_COMMENTS = YES;
				CLANG_WARN_EMPTY_BODY = YES;
				CLANG_WARN_ENUM_CONVERSION = YES;
				CLANG_WARN_INFINITE_RECURSION = YES;
				CLANG_WARN_INT_CONVERSION = YES;
				CLANG_WARN_NON_LITERAL_NULL_CONVERSION = YES;
				CLANG_WARN_OBJC_IMPLICIT_RETAIN_SELF = YES;
				CLANG_WARN_OBJC_LITERAL_CONVERSION = YES;
				CLANG_WARN_OBJC_ROOT_CLASS = YES_ERROR;
				CLANG_WARN_QUOTED_INCLUDE_IN_FRAMEWORK_HEADER = YES;
				CLANG_WARN_RANGE_LOOP_ANALYSIS = YES;
				CLANG_WARN_STRICT_PROTOTYPES = YES;
				CLANG_WARN_SUSPICIOUS_MOVE = YES;
				CLANG_WARN_UNGUARDED_AVAILABILITY = YES_AGGRESSIVE;
				CLANG_WARN_UNREACHABLE_CODE = YES;
				CLANG_WARN__DUPLICATE_METHOD_MATCH = YES;
				COPY_PHASE_STRIP = NO;
				DEBUG_INFORMATION_FORMAT = dwarf;
				ENABLE_STRICT_OBJC_MSGSEND = YES;
				ENABLE_TESTABILITY = YES;
				GCC_C_LANGUAGE_STANDARD = gnu11;
				GCC_DYNAMIC_NO_PIC = NO;
				GCC_NO_COMMON_BLOCKS = YES;
				GCC_OPTIMIZATION_LEVEL = 0;
				GCC_PREPROCESSOR_DEFINITIONS = (
					"DEBUG=1",
					"$(inherited)",
				);
				GCC_WARN_64_TO_32_BIT_CONVERSION = YES;
				GCC_WARN_ABOUT_RETURN_TYPE = YES_ERROR;
				GCC_WARN_UNDECLARED_SELECTOR = YES;
				GCC_WARN_UNINITIALIZED_AUTOS = YES_AGGRESSIVE;
				GCC_WARN_UNUSED_FUNCTION = YES;
				GCC_WARN_UNUSED_VARIABLE = YES;
				IPHONEOS_DEPLOYMENT_TARGET = 16.0;
				MTL_ENABLE_DEBUG_INFO = INCLUDE_SOURCE;
				MTL_FAST_MATH = YES;
				ONLY_ACTIVE_ARCH = YES;
				SDKROOT = iphoneos;
				SWIFT_ACTIVE_COMPILATION_CONDITIONS = DEBUG;
				SWIFT_OPTIMIZATION_LEVEL = "-Onone";
			};
			name = Debug;
		};
		BA5146CB2910AC0D00162FC2 /* Release */ = {
			isa = XCBuildConfiguration;
			buildSettings = {
				ALWAYS_SEARCH_USER_PATHS = NO;
				CLANG_ANALYZER_NONNULL = YES;
				CLANG_ANALYZER_NUMBER_OBJECT_CONVERSION = YES_AGGRESSIVE;
				CLANG_CXX_LANGUAGE_STANDARD = "gnu++20";
				CLANG_ENABLE_MODULES = YES;
				CLANG_ENABLE_OBJC_ARC = YES;
				CLANG_ENABLE_OBJC_WEAK = YES;
				CLANG_WARN_BLOCK_CAPTURE_AUTORELEASING = YES;
				CLANG_WARN_BOOL_CONVERSION = YES;
				CLANG_WARN_COMMA = YES;
				CLANG_WARN_CONSTANT_CONVERSION = YES;
				CLANG_WARN_DEPRECATED_OBJC_IMPLEMENTATIONS = YES;
				CLANG_WARN_DIRECT_OBJC_ISA_USAGE = YES_ERROR;
				CLANG_WARN_DOCUMENTATION_COMMENTS = YES;
				CLANG_WARN_EMPTY_BODY = YES;
				CLANG_WARN_ENUM_CONVERSION = YES;
				CLANG_WARN_INFINITE_RECURSION = YES;
				CLANG_WARN_INT_CONVERSION = YES;
				CLANG_WARN_NON_LITERAL_NULL_CONVERSION = YES;
				CLANG_WARN_OBJC_IMPLICIT_RETAIN_SELF = YES;
				CLANG_WARN_OBJC_LITERAL_CONVERSION = YES;
				CLANG_WARN_OBJC_ROOT_CLASS = YES_ERROR;
				CLANG_WARN_QUOTED_INCLUDE_IN_FRAMEWORK_HEADER = YES;
				CLANG_WARN_RANGE_LOOP_ANALYSIS = YES;
				CLANG_WARN_STRICT_PROTOTYPES = YES;
				CLANG_WARN_SUSPICIOUS_MOVE = YES;
				CLANG_WARN_UNGUARDED_AVAILABILITY = YES_AGGRESSIVE;
				CLANG_WARN_UNREACHABLE_CODE = YES;
				CLANG_WARN__DUPLICATE_METHOD_MATCH = YES;
				COPY_PHASE_STRIP = NO;
				DEBUG_INFORMATION_FORMAT = "dwarf-with-dsym";
				ENABLE_NS_ASSERTIONS = NO;
				ENABLE_STRICT_OBJC_MSGSEND = YES;
				GCC_C_LANGUAGE_STANDARD = gnu11;
				GCC_NO_COMMON_BLOCKS = YES;
				GCC_WARN_64_TO_32_BIT_CONVERSION = YES;
				GCC_WARN_ABOUT_RETURN_TYPE = YES_ERROR;
				GCC_WARN_UNDECLARED_SELECTOR = YES;
				GCC_WARN_UNINITIALIZED_AUTOS = YES_AGGRESSIVE;
				GCC_WARN_UNUSED_FUNCTION = YES;
				GCC_WARN_UNUSED_VARIABLE = YES;
				IPHONEOS_DEPLOYMENT_TARGET = 16.0;
				MTL_ENABLE_DEBUG_INFO = NO;
				MTL_FAST_MATH = YES;
				SDKROOT = iphoneos;
				SWIFT_COMPILATION_MODE = wholemodule;
				SWIFT_OPTIMIZATION_LEVEL = "-O";
				VALIDATE_PRODUCT = YES;
			};
			name = Release;
		};
		BA5146CD2910AC0D00162FC2 /* Debug */ = {
			isa = XCBuildConfiguration;
			buildSettings = {
				ASSETCATALOG_COMPILER_APPICON_NAME = AppIcon;
				ASSETCATALOG_COMPILER_GLOBAL_ACCENT_COLOR_NAME = AccentColor;
				CODE_SIGN_STYLE = Automatic;
				CURRENT_PROJECT_VERSION = 1;
				DEVELOPMENT_ASSET_PATHS = "\"OneClickPix/Preview Content\"";
				DEVELOPMENT_TEAM = Z494853LVZ;
				ENABLE_PREVIEWS = YES;
				GENERATE_INFOPLIST_FILE = YES;
				INFOPLIST_KEY_NSPhotoLibraryUsageDescription = "Please allow us to access a photo to print for you!";
				INFOPLIST_KEY_UIApplicationSceneManifest_Generation = YES;
				INFOPLIST_KEY_UIApplicationSupportsIndirectInputEvents = YES;
				INFOPLIST_KEY_UILaunchScreen_Generation = YES;
				INFOPLIST_KEY_UISupportedInterfaceOrientations = UIInterfaceOrientationPortrait;
				INFOPLIST_KEY_UISupportedInterfaceOrientations_iPad = "UIInterfaceOrientationLandscapeLeft UIInterfaceOrientationLandscapeRight UIInterfaceOrientationPortrait UIInterfaceOrientationPortraitUpsideDown";
				IPHONEOS_DEPLOYMENT_TARGET = 15.5;
				LD_RUNPATH_SEARCH_PATHS = (
					"$(inherited)",
					"@executable_path/Frameworks",
				);
				MARKETING_VERSION = 1.0;
				PRODUCT_BUNDLE_IDENTIFIER = com.EricBurrell.OneClickPix;
				PRODUCT_NAME = "$(TARGET_NAME)";
				SWIFT_EMIT_LOC_STRINGS = YES;
				SWIFT_VERSION = 5.0;
				TARGETED_DEVICE_FAMILY = "1,2";
			};
			name = Debug;
		};
		BA5146CE2910AC0D00162FC2 /* Release */ = {
			isa = XCBuildConfiguration;
			buildSettings = {
				ASSETCATALOG_COMPILER_APPICON_NAME = AppIcon;
				ASSETCATALOG_COMPILER_GLOBAL_ACCENT_COLOR_NAME = AccentColor;
				CODE_SIGN_STYLE = Automatic;
				CURRENT_PROJECT_VERSION = 1;
				DEVELOPMENT_ASSET_PATHS = "\"OneClickPix/Preview Content\"";
				DEVELOPMENT_TEAM = Z494853LVZ;
				ENABLE_PREVIEWS = YES;
				GENERATE_INFOPLIST_FILE = YES;
				INFOPLIST_KEY_NSPhotoLibraryUsageDescription = "Please allow us to access a photo to print for you!";
				INFOPLIST_KEY_UIApplicationSceneManifest_Generation = YES;
				INFOPLIST_KEY_UIApplicationSupportsIndirectInputEvents = YES;
				INFOPLIST_KEY_UILaunchScreen_Generation = YES;
				INFOPLIST_KEY_UISupportedInterfaceOrientations = UIInterfaceOrientationPortrait;
				INFOPLIST_KEY_UISupportedInterfaceOrientations_iPad = "UIInterfaceOrientationLandscapeLeft UIInterfaceOrientationLandscapeRight UIInterfaceOrientationPortrait UIInterfaceOrientationPortraitUpsideDown";
				IPHONEOS_DEPLOYMENT_TARGET = 15.5;
				LD_RUNPATH_SEARCH_PATHS = (
					"$(inherited)",
					"@executable_path/Frameworks",
				);
				MARKETING_VERSION = 1.0;
				PRODUCT_BUNDLE_IDENTIFIER = com.EricBurrell.OneClickPix;
				PRODUCT_NAME = "$(TARGET_NAME)";
				SWIFT_EMIT_LOC_STRINGS = YES;
				SWIFT_VERSION = 5.0;
				TARGETED_DEVICE_FAMILY = "1,2";
			};
			name = Release;
		};
/* End XCBuildConfiguration section */

/* Begin XCConfigurationList section */
		BA5146B92910AC0900162FC2 /* Build configuration list for PBXProject "OneClickPix" */ = {
			isa = XCConfigurationList;
			buildConfigurations = (
				BA5146CA2910AC0D00162FC2 /* Debug */,
				BA5146CB2910AC0D00162FC2 /* Release */,
			);
			defaultConfigurationIsVisible = 0;
			defaultConfigurationName = Release;
		};
		BA5146CC2910AC0D00162FC2 /* Build configuration list for PBXNativeTarget "OneClickPix" */ = {
			isa = XCConfigurationList;
			buildConfigurations = (
				BA5146CD2910AC0D00162FC2 /* Debug */,
				BA5146CE2910AC0D00162FC2 /* Release */,
			);
			defaultConfigurationIsVisible = 0;
			defaultConfigurationName = Release;
		};
/* End XCConfigurationList section */

/* Begin XCRemoteSwiftPackageReference section */
		BA8AC92D29A979B8000FEFCE /* XCRemoteSwiftPackageReference "swiftui-cached-async-image" */ = {
			isa = XCRemoteSwiftPackageReference;
			repositoryURL = "https://github.com/lorenzofiamingo/swiftui-cached-async-image";
			requirement = {
				kind = upToNextMajorVersion;
				minimumVersion = 2.0.0;
			};
		};
		BAC775302992C8350065F4BB /* XCRemoteSwiftPackageReference "Alamofire" */ = {
			isa = XCRemoteSwiftPackageReference;
			repositoryURL = "https://github.com/Alamofire/Alamofire";
			requirement = {
				branch = master;
				kind = branch;
			};
		};
/* End XCRemoteSwiftPackageReference section */

/* Begin XCSwiftPackageProductDependency section */
		BA8AC92E29A979B8000FEFCE /* CachedAsyncImage */ = {
			isa = XCSwiftPackageProductDependency;
			package = BA8AC92D29A979B8000FEFCE /* XCRemoteSwiftPackageReference "swiftui-cached-async-image" */;
			productName = CachedAsyncImage;
		};
		BAC775312992C8350065F4BB /* Alamofire */ = {
			isa = XCSwiftPackageProductDependency;
			package = BAC775302992C8350065F4BB /* XCRemoteSwiftPackageReference "Alamofire" */;
			productName = Alamofire;
		};
/* End XCSwiftPackageProductDependency section */
	};
	rootObject = BA5146B62910AC0900162FC2 /* Project object */;
}
